<?xml version="1.0" encoding="utf-8"?>
<Project ToolsVersion="4.0" xmlns="http://schemas.microsoft.com/developer/msbuild/2003">
  <ItemGroup>
    <Filter Include="Source Files">
      <UniqueIdentifier>{4FC737F1-C7A5-4376-A066-2A32D752A2FF}</UniqueIdentifier>
      <Extensions>cpp;c;cc;cxx;def;odl;idl;hpj;bat;asm;asmx</Extensions>
    </Filter>
    <Filter Include="Header Files">
      <UniqueIdentifier>{93995380-89BD-4b04-88EB-625FBE52EBFB}</UniqueIdentifier>
      <Extensions>h;hh;hpp;hxx;hm;inl;inc;xsd</Extensions>
    </Filter>
    <Filter Include="Resource Files">
      <UniqueIdentifier>{67DA6AB6-F800-4c08-8B7A-83BB121AAD01}</UniqueIdentifier>
      <Extensions>rc;ico;cur;bmp;dlg;rc2;rct;bin;rgs;gif;jpg;jpeg;jpe;resx;tiff;tif;png;wav;mfcribbon-ms</Extensions>
    </Filter>
    <Filter Include="Header Files\Data">
      <UniqueIdentifier>{bd5bb951-90dc-47df-a97e-4a7022e0485e}</UniqueIdentifier>
    </Filter>
    <Filter Include="Source Files\Data">
      <UniqueIdentifier>{f2e76456-11c8-4612-81aa-52cc7851327c}</UniqueIdentifier>
    </Filter>
    <Filter Include="Header Files\Collision">
      <UniqueIdentifier>{bd88f714-125c-40f9-8523-37ba9f69bb0b}</UniqueIdentifier>
    </Filter>
    <Filter Include="Header Files\Gameplay">
      <UniqueIdentifier>{e1a790c9-5602-46d9-a44d-48aa09e3909f}</UniqueIdentifier>
    </Filter>
    <Filter Include="Header Files\ECS">
      <UniqueIdentifier>{cc6e7c2e-5120-45f9-bdfb-cfc0f13e1583}</UniqueIdentifier>
    </Filter>
    <Filter Include="Source Files\Collision">
      <UniqueIdentifier>{66e4cc51-c035-4c03-8362-ff31ae416190}</UniqueIdentifier>
    </Filter>
    <Filter Include="Source Files\Gameplay">
      <UniqueIdentifier>{4925f39d-20b1-461d-9fcd-06b286130a84}</UniqueIdentifier>
    </Filter>
    <Filter Include="Source Files\ECS">
      <UniqueIdentifier>{8777db8b-6f73-410e-94e3-5fae3693a8c0}</UniqueIdentifier>
    </Filter>
    <Filter Include="Source Files\Screens">
      <UniqueIdentifier>{f699b4f5-497e-4f19-a11e-2c56248a9288}</UniqueIdentifier>
    </Filter>
    <Filter Include="Header Files\Screens">
      <UniqueIdentifier>{16e0d047-80ff-44e4-be8a-971ad356d9d5}</UniqueIdentifier>
    </Filter>
    <Filter Include="Header Files\ECS\Interface">
      <UniqueIdentifier>{885d5faa-837e-4e58-966e-79fe5e74d62e}</UniqueIdentifier>
    </Filter>
    <Filter Include="Source Files\ECS\Interface">
      <UniqueIdentifier>{a398d727-791c-456c-8b05-8550e2b1d88c}</UniqueIdentifier>
    </Filter>
    <Filter Include="Source Files\ECS\Audio">
      <UniqueIdentifier>{dddfdb25-5bda-473a-b46e-a280b7735596}</UniqueIdentifier>
    </Filter>
    <Filter Include="Header Files\ECS\Audio">
      <UniqueIdentifier>{e5e5ae82-6fba-4b86-8fbd-d87787cf841c}</UniqueIdentifier>
    </Filter>
    <Filter Include="Header Files\Resources">
      <UniqueIdentifier>{babfe15a-2bac-45c3-a084-629a857f4e61}</UniqueIdentifier>
    </Filter>
    <Filter Include="Source Files\Resouces">
      <UniqueIdentifier>{607bae9b-e0c5-4792-abb6-85fd6700ba12}</UniqueIdentifier>
    </Filter>
  </ItemGroup>
  <ItemGroup>
    <ClCompile Include="BitField.cpp">
      <Filter>Source Files\Data</Filter>
    </ClCompile>
    <ClCompile Include="Entity.cpp">
      <Filter>Source Files\ECS</Filter>
    </ClCompile>
    <ClCompile Include="Player.cpp">
      <Filter>Source Files\ECS</Filter>
    </ClCompile>
    <ClCompile Include="World.cpp">
      <Filter>Source Files\Gameplay</Filter>
    </ClCompile>
    <ClCompile Include="TiledMap.cpp">
      <Filter>Source Files\Gameplay</Filter>
    </ClCompile>
    <ClCompile Include="JumpShootGame.cpp">
      <Filter>Source Files\Gameplay</Filter>
    </ClCompile>
    <ClCompile Include="GameplayScreen.cpp">
      <Filter>Source Files\Screens</Filter>
    </ClCompile>
    <ClCompile Include="ISerializable.cpp">
      <Filter>Source Files\Data</Filter>
    </ClCompile>
    <ClCompile Include="Globals.cpp">
      <Filter>Source Files\Data</Filter>
    </ClCompile>
    <ClCompile Include="IMap.cpp">
      <Filter>Source Files\Gameplay</Filter>
    </ClCompile>
    <ClCompile Include="TransformComponent.cpp">
      <Filter>Source Files\ECS</Filter>
    </ClCompile>
    <ClCompile Include="MapColliderComponent.cpp">
      <Filter>Source Files\ECS</Filter>
    </ClCompile>
    <ClCompile Include="SpriteRenderComponent.cpp">
      <Filter>Source Files\ECS</Filter>
    </ClCompile>
    <ClCompile Include="PhysicsComponent.cpp">
      <Filter>Source Files\ECS</Filter>
    </ClCompile>
    <ClCompile Include="InputComponent.cpp">
      <Filter>Source Files\ECS</Filter>
    </ClCompile>
    <ClCompile Include="ProjectileComponent.cpp">
      <Filter>Source Files\ECS</Filter>
    </ClCompile>
    <ClCompile Include="AnimationComponent.cpp">
      <Filter>Source Files\ECS</Filter>
    </ClCompile>
    <ClCompile Include="PlatformerMotorComponent.cpp">
      <Filter>Source Files\ECS</Filter>
    </ClCompile>
    <ClCompile Include="TextureManager.cpp">
      <Filter>Source Files\Resouces</Filter>
    </ClCompile>
    <ClCompile Include="IComponent.cpp">
      <Filter>Source Files\ECS\Interface</Filter>
    </ClCompile>
    <ClCompile Include="IFixedUpdateComponent.cpp">
      <Filter>Source Files\ECS\Interface</Filter>
    </ClCompile>
    <ClCompile Include="IRenderComponent.cpp">
      <Filter>Source Files\ECS\Interface</Filter>
    </ClCompile>
    <ClCompile Include="IUpdateComponent.cpp">
      <Filter>Source Files\ECS\Interface</Filter>
    </ClCompile>
    <ClCompile Include="IUpdateRenderComponent.cpp">
      <Filter>Source Files\ECS\Interface</Filter>
    </ClCompile>
    <ClCompile Include="AudioListenerComponent.cpp">
      <Filter>Source Files\ECS\Audio</Filter>
    </ClCompile>
    <ClCompile Include="AudioSourceComponent.cpp">
      <Filter>Source Files\ECS\Audio</Filter>
    </ClCompile>
    <ClCompile Include="SoundManager.cpp">
      <Filter>Source Files\Resouces</Filter>
    </ClCompile>
  </ItemGroup>
  <ItemGroup>
    <ClInclude Include="Entity.hpp">
      <Filter>Header Files\ECS</Filter>
    </ClInclude>
    <ClInclude Include="ISerializable.h">
      <Filter>Header Files\Data</Filter>
    </ClInclude>
    <ClInclude Include="BitField.hpp">
      <Filter>Header Files\Data</Filter>
    </ClInclude>
    <ClInclude Include="Raycast.hpp">
      <Filter>Header Files\Collision</Filter>
    </ClInclude>
    <ClInclude Include="World.hpp">
      <Filter>Header Files\Gameplay</Filter>
    </ClInclude>
    <ClInclude Include="TiledMap.hpp">
      <Filter>Header Files\Gameplay</Filter>
    </ClInclude>
    <ClInclude Include="IMap.hpp">
      <Filter>Header Files\Gameplay</Filter>
    </ClInclude>
    <ClInclude Include="GameplayScreen.hpp">
      <Filter>Header Files\Screens</Filter>
    </ClInclude>
    <ClInclude Include="Player.hpp">
      <Filter>Header Files\ECS</Filter>
    </ClInclude>
    <ClInclude Include="JumpShootGame.hpp">
      <Filter>Header Files\Gameplay</Filter>
    </ClInclude>
    <ClInclude Include="Globals.hpp">
      <Filter>Header Files\Data</Filter>
    </ClInclude>
    <ClInclude Include="TransformComponent.hpp">
      <Filter>Header Files\ECS</Filter>
    </ClInclude>
    <ClInclude Include="MapColliderComponent.hpp">
      <Filter>Header Files\ECS</Filter>
    </ClInclude>
    <ClInclude Include="SpriteRenderComponent.hpp">
      <Filter>Header Files\ECS</Filter>
    </ClInclude>
    <ClInclude Include="PhysicsComponent.hpp">
      <Filter>Header Files\ECS</Filter>
    </ClInclude>
    <ClInclude Include="InputComponent.hpp">
      <Filter>Header Files\ECS</Filter>
    </ClInclude>
    <ClInclude Include="ProjectileComponent.hpp">
      <Filter>Header Files\ECS</Filter>
    </ClInclude>
    <ClInclude Include="AnimationComponent.hpp">
      <Filter>Header Files\ECS</Filter>
    </ClInclude>
    <ClInclude Include="PlatformerMotorComponent.hpp">
      <Filter>Header Files\ECS</Filter>
    </ClInclude>
    <ClInclude Include="TextureManager.hpp">
      <Filter>Header Files\Resources</Filter>
    </ClInclude>
    <ClInclude Include="IComponent.hpp">
      <Filter>Header Files\ECS\Interface</Filter>
    </ClInclude>
    <ClInclude Include="IDestroyable.hpp">
      <Filter>Header Files\ECS\Interface</Filter>
    </ClInclude>
    <ClInclude Include="IFixedUpdateComponent.hpp">
      <Filter>Header Files\ECS\Interface</Filter>
    </ClInclude>
    <ClInclude Include="IRenderComponent.hpp">
      <Filter>Header Files\ECS\Interface</Filter>
    </ClInclude>
    <ClInclude Include="IUpdateComponent.hpp">
      <Filter>Header Files\ECS\Interface</Filter>
    </ClInclude>
    <ClInclude Include="IUpdateRenderComponent.hpp">
      <Filter>Header Files\ECS\Interface</Filter>
    </ClInclude>
    <ClInclude Include="AudioSourceComponent.hpp">
      <Filter>Header Files\ECS\Audio</Filter>
    </ClInclude>
    <ClInclude Include="AudioListenerComponent.hpp">
      <Filter>Header Files\ECS\Audio</Filter>
    </ClInclude>
    <ClInclude Include="SoundManager.hpp">
      <Filter>Header Files\Resources</Filter>
    </ClInclude>
    <ClInclude Include="ISingleton.hpp">
      <Filter>Header Files\Data</Filter>
    </ClInclude>
    <ClInclude Include="IInitializable.hpp">
      <Filter>Header Files\Data</Filter>
    </ClInclude>
  </ItemGroup>
</Project>